
Microsoft Visual Studio Solution File, Format Version 12.00
# Visual Studio 2012
Project("{FAE04EC0-301F-11D3-BF4B-00C04F79EFBC}") = "汽车报价查询系统", "汽车报价查询系统\汽车报价查询系统.csproj", "{BE445C71-3C70-4658-85A7-A7BE9BDC1392}"
EndProject
Global
	GlobalSection(SolutionConfigurationPlatforms) = preSolution
		Debug|Any CPU = Debug|Any CPU
		Release|Any CPU = Release|Any CPU
	EndGlobalSection
	GlobalSection(ProjectConfigurationPlatforms) = postSolution
		{BE445C71-3C70-4658-85A7-A7BE9BDC1392}.Debug|Any CPU.ActiveCfg = Debug|Any CPU
		{BE445C71-3C70-4658-85A7-A7BE9BDC1392}.Debug|Any CPU.Build.0 = Debug|Any CPU
		{BE445C71-3C70-4658-85A7-A7BE9BDC1392}.Release|Any CPU.ActiveCfg = Release|Any CPU
		{BE445C71-3C70-4658-85A7-A7BE9BDC1392}.Release|Any CPU.Build.0 = Release|Any CPU
	EndGlobalSection
	GlobalSection(SolutionProperties) = preSolution
		HideSolutionNode = FALSE
	EndGlobalSection
EndGlobal
