
Microsoft Visual Studio Solution File, Format Version 12.00
# Visual Studio 15
VisualStudioVersion = 15.0.28307.1169
MinimumVisualStudioVersion = 10.0.40219.1
Project("{FAE04EC0-301F-11D3-BF4B-00C04F79EFBC}") = "WebApplication1", "WebApplication1\WebApplication1.csproj", "{F6610D3C-B434-415B-B640-F3F333CA171B}"
EndProject
Global
	GlobalSection(SolutionConfigurationPlatforms) = preSolution
		Debug|Any CPU = Debug|Any CPU
		Release|Any CPU = Release|Any CPU
	EndGlobalSection
	GlobalSection(ProjectConfigurationPlatforms) = postSolution
		{F6610D3C-B434-415B-B640-F3F333CA171B}.Debug|Any CPU.ActiveCfg = Debug|Any CPU
		{F6610D3C-B434-415B-B640-F3F333CA171B}.Debug|Any CPU.Build.0 = Debug|Any CPU
		{F6610D3C-B434-415B-B640-F3F333CA171B}.Release|Any CPU.ActiveCfg = Release|Any CPU
		{F6610D3C-B434-415B-B640-F3F333CA171B}.Release|Any CPU.Build.0 = Release|Any CPU
	EndGlobalSection
	GlobalSection(SolutionProperties) = preSolution
		HideSolutionNode = FALSE
	EndGlobalSection
	GlobalSection(ExtensibilityGlobals) = postSolution
		SolutionGuid = {D6259C78-23BA-49EB-9905-A9932EA5C1A6}
	EndGlobalSection
EndGlobal
